
Microsoft Visual Studio Solution File, Format Version 12.00
# Visual Studio Version 17
VisualStudioVersion = 17.9.34310.174
MinimumVisualStudioVersion = 10.0.40219.1
Project("{9A19103F-16F7-4668-BE54-9A1E7A4F7556}") = "Gluino", "src\Gluino\Gluino.csproj", "{E5B546BB-C344-4CEF-AB21-9B2071E2A4A0}"
EndProject
Project("{8BC9CEB8-8B4A-11D0-8D11-00A0C91BC942}") = "Gluino.Core", "src\Gluino.Core\Gluino.Core.vcxproj", "{7EEBDA8B-6D58-41FE-AA3D-23081DECA060}"
EndProject
Project("{9A19103F-16F7-4668-BE54-9A1E7A4F7556}") = "SourceGeneration", "dev\SourceGeneration\SourceGeneration.csproj", "{316A8DBC-D889-4BA2-9058-E997E580DE7E}"
EndProject
Project("{9A19103F-16F7-4668-BE54-9A1E7A4F7556}") = "TestApp", "dev\TestApp\TestApp.csproj", "{57EC9FCB-5DF0-4E77-960A-6A10FC672AE3}"
EndProject
Project("{2150E333-8FDC-42A3-9474-1A3956D46DE8}") = "Development", "Development", "{77A1D1EA-244A-405B-8C99-F5688A4323F7}"
EndProject
Global
	GlobalSection(SolutionConfigurationPlatforms) = preSolution
		Debug|Any CPU = Debug|Any CPU
		Debug|x64 = Debug|x64
		Debug|x86 = Debug|x86
		Release|Any CPU = Release|Any CPU
		Release|x64 = Release|x64
		Release|x86 = Release|x86
	EndGlobalSection
	GlobalSection(ProjectConfigurationPlatforms) = postSolution
		{E5B546BB-C344-4CEF-AB21-9B2071E2A4A0}.Debug|Any CPU.ActiveCfg = Debug|Any CPU
		{E5B546BB-C344-4CEF-AB21-9B2071E2A4A0}.Debug|Any CPU.Build.0 = Debug|Any CPU
		{E5B546BB-C344-4CEF-AB21-9B2071E2A4A0}.Debug|x64.ActiveCfg = Debug|x64
		{E5B546BB-C344-4CEF-AB21-9B2071E2A4A0}.Debug|x64.Build.0 = Debug|x64
		{E5B546BB-C344-4CEF-AB21-9B2071E2A4A0}.Debug|x86.ActiveCfg = Debug|Any CPU
		{E5B546BB-C344-4CEF-AB21-9B2071E2A4A0}.Debug|x86.Build.0 = Debug|Any CPU
		{E5B546BB-C344-4CEF-AB21-9B2071E2A4A0}.Release|Any CPU.ActiveCfg = Release|Any CPU
		{E5B546BB-C344-4CEF-AB21-9B2071E2A4A0}.Release|Any CPU.Build.0 = Release|Any CPU
		{E5B546BB-C344-4CEF-AB21-9B2071E2A4A0}.Release|x64.ActiveCfg = Release|x64
		{E5B546BB-C344-4CEF-AB21-9B2071E2A4A0}.Release|x64.Build.0 = Release|x64
		{E5B546BB-C344-4CEF-AB21-9B2071E2A4A0}.Release|x86.ActiveCfg = Release|Any CPU
		{E5B546BB-C344-4CEF-AB21-9B2071E2A4A0}.Release|x86.Build.0 = Release|Any CPU
		{7EEBDA8B-6D58-41FE-AA3D-23081DECA060}.Debug|Any CPU.ActiveCfg = Debug|x64
		{7EEBDA8B-6D58-41FE-AA3D-23081DECA060}.Debug|Any CPU.Build.0 = Debug|x64
		{7EEBDA8B-6D58-41FE-AA3D-23081DECA060}.Debug|x64.ActiveCfg = Debug|x64
		{7EEBDA8B-6D58-41FE-AA3D-23081DECA060}.Debug|x64.Build.0 = Debug|x64
		{7EEBDA8B-6D58-41FE-AA3D-23081DECA060}.Debug|x86.ActiveCfg = Debug|Win32
		{7EEBDA8B-6D58-41FE-AA3D-23081DECA060}.Debug|x86.Build.0 = Debug|Win32
		{7EEBDA8B-6D58-41FE-AA3D-23081DECA060}.Release|Any CPU.ActiveCfg = Release|x64
		{7EEBDA8B-6D58-41FE-AA3D-23081DECA060}.Release|Any CPU.Build.0 = Release|x64
		{7EEBDA8B-6D58-41FE-AA3D-23081DECA060}.Release|x64.ActiveCfg = Release|x64
		{7EEBDA8B-6D58-41FE-AA3D-23081DECA060}.Release|x64.Build.0 = Release|x64
		{7EEBDA8B-6D58-41FE-AA3D-23081DECA060}.Release|x86.ActiveCfg = Release|Win32
		{7EEBDA8B-6D58-41FE-AA3D-23081DECA060}.Release|x86.Build.0 = Release|Win32
		{316A8DBC-D889-4BA2-9058-E997E580DE7E}.Debug|Any CPU.ActiveCfg = Debug|Any CPU
		{316A8DBC-D889-4BA2-9058-E997E580DE7E}.Debug|Any CPU.Build.0 = Debug|Any CPU
		{316A8DBC-D889-4BA2-9058-E997E580DE7E}.Debug|x64.ActiveCfg = Debug|Any CPU
		{316A8DBC-D889-4BA2-9058-E997E580DE7E}.Debug|x64.Build.0 = Debug|Any CPU
		{316A8DBC-D889-4BA2-9058-E997E580DE7E}.Debug|x86.ActiveCfg = Debug|Any CPU
		{316A8DBC-D889-4BA2-9058-E997E580DE7E}.Debug|x86.Build.0 = Debug|Any CPU
		{316A8DBC-D889-4BA2-9058-E997E580DE7E}.Release|Any CPU.ActiveCfg = Release|Any CPU
		{316A8DBC-D889-4BA2-9058-E997E580DE7E}.Release|Any CPU.Build.0 = Release|Any CPU
		{316A8DBC-D889-4BA2-9058-E997E580DE7E}.Release|x64.ActiveCfg = Release|Any CPU
		{316A8DBC-D889-4BA2-9058-E997E580DE7E}.Release|x64.Build.0 = Release|Any CPU
		{316A8DBC-D889-4BA2-9058-E997E580DE7E}.Release|x86.ActiveCfg = Release|Any CPU
		{316A8DBC-D889-4BA2-9058-E997E580DE7E}.Release|x86.Build.0 = Release|Any CPU
		{57EC9FCB-5DF0-4E77-960A-6A10FC672AE3}.Debug|Any CPU.ActiveCfg = Debug|Any CPU
		{57EC9FCB-5DF0-4E77-960A-6A10FC672AE3}.Debug|Any CPU.Build.0 = Debug|Any CPU
		{57EC9FCB-5DF0-4E77-960A-6A10FC672AE3}.Debug|x64.ActiveCfg = Debug|Any CPU
		{57EC9FCB-5DF0-4E77-960A-6A10FC672AE3}.Debug|x64.Build.0 = Debug|Any CPU
		{57EC9FCB-5DF0-4E77-960A-6A10FC672AE3}.Debug|x86.ActiveCfg = Debug|Any CPU
		{57EC9FCB-5DF0-4E77-960A-6A10FC672AE3}.Debug|x86.Build.0 = Debug|Any CPU
		{57EC9FCB-5DF0-4E77-960A-6A10FC672AE3}.Release|Any CPU.ActiveCfg = Release|Any CPU
		{57EC9FCB-5DF0-4E77-960A-6A10FC672AE3}.Release|Any CPU.Build.0 = Release|Any CPU
		{57EC9FCB-5DF0-4E77-960A-6A10FC672AE3}.Release|x64.ActiveCfg = Release|Any CPU
		{57EC9FCB-5DF0-4E77-960A-6A10FC672AE3}.Release|x64.Build.0 = Release|Any CPU
		{57EC9FCB-5DF0-4E77-960A-6A10FC672AE3}.Release|x86.ActiveCfg = Release|Any CPU
		{57EC9FCB-5DF0-4E77-960A-6A10FC672AE3}.Release|x86.Build.0 = Release|Any CPU
	EndGlobalSection
	GlobalSection(SolutionProperties) = preSolution
		HideSolutionNode = FALSE
	EndGlobalSection
	GlobalSection(NestedProjects) = preSolution
		{316A8DBC-D889-4BA2-9058-E997E580DE7E} = {77A1D1EA-244A-405B-8C99-F5688A4323F7}
		{57EC9FCB-5DF0-4E77-960A-6A10FC672AE3} = {77A1D1EA-244A-405B-8C99-F5688A4323F7}
	EndGlobalSection
	GlobalSection(ExtensibilityGlobals) = postSolution
		SolutionGuid = {B6B0216F-8A3D-455C-AF35-EBA7E5E2CCE8}
	EndGlobalSection
EndGlobal
